
Microsoft Visual Studio Solution File, Format Version 12.00
# Visual Studio Version 17
VisualStudioVersion = 17.6.33815.320
MinimumVisualStudioVersion = 10.0.40219.1
Project("{FAE04EC0-301F-11D3-BF4B-00C04F79EFBC}") = "spitfire_solutions", "spitfire_solutions\spitfire_solutions.csproj", "{9C7C4F4A-42CB-4754-A370-1432EB698904}"
EndProject
Global
	GlobalSection(SolutionConfigurationPlatforms) = preSolution
		Debug|Any CPU = Debug|Any CPU
		Release|Any CPU = Release|Any CPU
	EndGlobalSection
	GlobalSection(ProjectConfigurationPlatforms) = postSolution
		{9C7C4F4A-42CB-4754-A370-1432EB698904}.Debug|Any CPU.ActiveCfg = Debug|Any CPU
		{9C7C4F4A-42CB-4754-A370-1432EB698904}.Debug|Any CPU.Build.0 = Debug|Any CPU
		{9C7C4F4A-42CB-4754-A370-1432EB698904}.Release|Any CPU.ActiveCfg = Release|Any CPU
		{9C7C4F4A-42CB-4754-A370-1432EB698904}.Release|Any CPU.Build.0 = Release|Any CPU
	EndGlobalSection
	GlobalSection(SolutionProperties) = preSolution
		HideSolutionNode = FALSE
	EndGlobalSection
	GlobalSection(ExtensibilityGlobals) = postSolution
		SolutionGuid = {97D60173-CB54-49BF-ABA2-15648234EE32}
	EndGlobalSection
EndGlobal
